
Microsoft Visual Studio Solution File, Format Version 12.00
# Visual Studio Version 17
VisualStudioVersion = 17.1.32414.318
MinimumVisualStudioVersion = 10.0.40219.1
Project("{FAE04EC0-301F-11D3-BF4B-00C04F79EFBC}") = "NeosProfiler", "NeosProfiler\NeosProfiler.csproj", "{808EC141-C917-4B6E-A8D2-BAEDE74187CD}"
EndProject
Global
	GlobalSection(SolutionConfigurationPlatforms) = preSolution
		Debug|Any CPU = Debug|Any CPU
		Release|Any CPU = Release|Any CPU
	EndGlobalSection
	GlobalSection(ProjectConfigurationPlatforms) = postSolution
		{808EC141-C917-4B6E-A8D2-BAEDE74187CD}.Debug|Any CPU.ActiveCfg = Debug|Any CPU
		{808EC141-C917-4B6E-A8D2-BAEDE74187CD}.Debug|Any CPU.Build.0 = Debug|Any CPU
		{808EC141-C917-4B6E-A8D2-BAEDE74187CD}.Release|Any CPU.ActiveCfg = Release|Any CPU
		{808EC141-C917-4B6E-A8D2-BAEDE74187CD}.Release|Any CPU.Build.0 = Release|Any CPU
	EndGlobalSection
	GlobalSection(SolutionProperties) = preSolution
		HideSolutionNode = FALSE
	EndGlobalSection
	GlobalSection(ExtensibilityGlobals) = postSolution
		SolutionGuid = {77AD7C0B-9822-4953-BE63-985AA48A4E61}
	EndGlobalSection
EndGlobal
